
Microsoft Visual Studio Solution File, Format Version 12.00
# Visual Studio Version 16
VisualStudioVersion = 16.0.30804.86
MinimumVisualStudioVersion = 10.0.40219.1
Project("{9A19103F-16F7-4668-BE54-9A1E7A4F7556}") = "CourseWork", "CourseWork\CourseWork.csproj", "{0D573BF4-EA06-459A-AFA5-4D5FD558052B}"
EndProject
Project("{9A19103F-16F7-4668-BE54-9A1E7A4F7556}") = "FirstFollow", "..\..\Tests3+6\FirstFollow\FirstFollow.csproj", "{8E11A5BB-0AAD-45EB-B5BB-4B5856EFE7C6}"
EndProject
Global
	GlobalSection(SolutionConfigurationPlatforms) = preSolution
		Debug|Any CPU = Debug|Any CPU
		Release|Any CPU = Release|Any CPU
	EndGlobalSection
	GlobalSection(ProjectConfigurationPlatforms) = postSolution
		{0D573BF4-EA06-459A-AFA5-4D5FD558052B}.Debug|Any CPU.ActiveCfg = Debug|Any CPU
		{0D573BF4-EA06-459A-AFA5-4D5FD558052B}.Debug|Any CPU.Build.0 = Debug|Any CPU
		{0D573BF4-EA06-459A-AFA5-4D5FD558052B}.Release|Any CPU.ActiveCfg = Release|Any CPU
		{0D573BF4-EA06-459A-AFA5-4D5FD558052B}.Release|Any CPU.Build.0 = Release|Any CPU
		{8E11A5BB-0AAD-45EB-B5BB-4B5856EFE7C6}.Debug|Any CPU.ActiveCfg = Debug|Any CPU
		{8E11A5BB-0AAD-45EB-B5BB-4B5856EFE7C6}.Debug|Any CPU.Build.0 = Debug|Any CPU
		{8E11A5BB-0AAD-45EB-B5BB-4B5856EFE7C6}.Release|Any CPU.ActiveCfg = Release|Any CPU
		{8E11A5BB-0AAD-45EB-B5BB-4B5856EFE7C6}.Release|Any CPU.Build.0 = Release|Any CPU
	EndGlobalSection
	GlobalSection(SolutionProperties) = preSolution
		HideSolutionNode = FALSE
	EndGlobalSection
	GlobalSection(ExtensibilityGlobals) = postSolution
		SolutionGuid = {C14F2C8C-F1E8-40F6-8E47-D243D1715E87}
	EndGlobalSection
EndGlobal
